Microsoft Visual Studio Solution File, Format Version 12.00
# Visual Studio 2012
Project("{FAE04EC0-301F-11D3-BF4B-00C04F79EFBC}") = "CS780 Group Project", "CS780 Group Project.csproj", "{4A8954F5-7DF2-4140-B3DA-9113FD91AA03}"
EndProject
Global
	GlobalSection(SolutionConfigurationPlatforms) = preSolution
	Debug|Any CPU = Debug|Any CPU
	ExportDebug|Any CPU = ExportDebug|Any CPU
	ExportRelease|Any CPU = ExportRelease|Any CPU
	EndGlobalSection
	GlobalSection(ProjectConfigurationPlatforms) = postSolution
		{4A8954F5-7DF2-4140-B3DA-9113FD91AA03}.Debug|Any CPU.ActiveCfg = Debug|Any CPU
		{4A8954F5-7DF2-4140-B3DA-9113FD91AA03}.Debug|Any CPU.Build.0 = Debug|Any CPU
		{4A8954F5-7DF2-4140-B3DA-9113FD91AA03}.ExportDebug|Any CPU.ActiveCfg = ExportDebug|Any CPU
		{4A8954F5-7DF2-4140-B3DA-9113FD91AA03}.ExportDebug|Any CPU.Build.0 = ExportDebug|Any CPU
		{4A8954F5-7DF2-4140-B3DA-9113FD91AA03}.ExportRelease|Any CPU.ActiveCfg = ExportRelease|Any CPU
		{4A8954F5-7DF2-4140-B3DA-9113FD91AA03}.ExportRelease|Any CPU.Build.0 = ExportRelease|Any CPU
	EndGlobalSection
EndGlobal
